<?xml version="1.0" encoding="utf-8"?>
<Project ToolsVersion="4.0" xmlns="http://schemas.microsoft.com/developer/msbuild/2003">
  <ItemGroup>
    <Filter Include="GameEngine">
      <UniqueIdentifier>{1dedb17d-dbc2-43c8-ba5d-0ed86f350871}</UniqueIdentifier>
    </Filter>
    <Filter Include="GameEngine\GraphicEngine">
      <UniqueIdentifier>{ae4908c3-f4bd-44fe-9d68-d83a8e2e60b0}</UniqueIdentifier>
    </Filter>
    <Filter Include="GameEngine\GraphicEngine\Header Files">
      <UniqueIdentifier>{6e673c1e-ef18-4596-b1f3-1142abb51efc}</UniqueIdentifier>
    </Filter>
    <Filter Include="GameEngine\GraphicEngine\Source Files">
      <UniqueIdentifier>{6de445c7-a085-403e-9ea9-7bfb69baaea7}</UniqueIdentifier>
    </Filter>
    <Filter Include="GameEngine\PhysicEngine">
      <UniqueIdentifier>{ba3018c5-f61d-4cca-a7e5-239e81852c2c}</UniqueIdentifier>
    </Filter>
    <Filter Include="GameEngine\PhysicEngine\Header Files">
      <UniqueIdentifier>{93995380-89BD-4b04-88EB-625FBE52EBFB}</UniqueIdentifier>
      <Extensions>h;hh;hpp;hxx;h++;hm;inl;inc;ipp;xsd</Extensions>
    </Filter>
    <Filter Include="GameEngine\PhysicEngine\Source Files">
      <UniqueIdentifier>{4FC737F1-C7A5-4376-A066-2A32D752A2FF}</UniqueIdentifier>
      <Extensions>cpp;c;cc;cxx;c++;cppm;ixx;def;odl;idl;hpj;bat;asm;asmx</Extensions>
    </Filter>
    <Filter Include="GameEngine\Resource Files">
      <UniqueIdentifier>{67DA6AB6-F800-4c08-8B7A-83BB121AAD01}</UniqueIdentifier>
      <Extensions>rc;ico;cur;bmp;dlg;rc2;rct;bin;rgs;gif;jpg;jpeg;jpe;resx;tiff;tif;png;wav;mfcribbon-ms</Extensions>
    </Filter>
    <Filter Include="GameEngine\Resource Files\Shaders">
      <UniqueIdentifier>{3be6760c-1336-48aa-b641-634a050269a7}</UniqueIdentifier>
    </Filter>
    <Filter Include="GameEngine\Games">
      <UniqueIdentifier>{0e8fa3ca-d013-43c7-bd65-b66355ae26a7}</UniqueIdentifier>
    </Filter>
    <Filter Include="GameEngine\Games\Header Files">
      <UniqueIdentifier>{07306967-7980-4294-8d62-01b8a4ea3ab3}</UniqueIdentifier>
    </Filter>
    <Filter Include="GameEngine\Games\Source Files">
      <UniqueIdentifier>{492a2316-0732-4110-b93e-593e7c8e0c66}</UniqueIdentifier>
    </Filter>
    <Filter Include="GameEngine\Games\Game1">
      <UniqueIdentifier>{50f32bd2-2590-4b15-8c05-d9e242928fdb}</UniqueIdentifier>
    </Filter>
    <Filter Include="GameEngine\Games\Game1\Header Files">
      <UniqueIdentifier>{ea58d897-df7e-4385-b39e-b6f84b4cebeb}</UniqueIdentifier>
    </Filter>
    <Filter Include="GameEngine\Games\Game1\Source Files">
      <UniqueIdentifier>{dc76dd95-909f-475c-96df-efe269870f85}</UniqueIdentifier>
    </Filter>
    <Filter Include="GameEngine\Games\Game2">
      <UniqueIdentifier>{357f1ef4-c5c3-4a73-80ce-7b165f24d499}</UniqueIdentifier>
    </Filter>
    <Filter Include="GameEngine\Games\Game2\Header Files">
      <UniqueIdentifier>{97cf98a7-ad8b-4797-8523-94b239bac345}</UniqueIdentifier>
    </Filter>
    <Filter Include="GameEngine\Games\Game2\Source Files">
      <UniqueIdentifier>{07da8884-f736-4119-ac28-451962954247}</UniqueIdentifier>
    </Filter>
    <Filter Include="GameEngine\System">
      <UniqueIdentifier>{577cff2b-e033-448e-8c79-bac2cc4d7acf}</UniqueIdentifier>
    </Filter>
    <Filter Include="GameEngine\System\Header Files">
      <UniqueIdentifier>{cfd7f510-a194-461c-9890-7c9d09c079c9}</UniqueIdentifier>
    </Filter>
    <Filter Include="GameEngine\System\Source Files">
      <UniqueIdentifier>{e19857e1-a5ea-4b83-aad2-d55a532622df}</UniqueIdentifier>
    </Filter>
    <Filter Include="GameEngine\GraphicEngine\Shaders">
      <UniqueIdentifier>{5c6bd833-13f7-4179-9bd6-b371ccabd533}</UniqueIdentifier>
    </Filter>
    <Filter Include="GameEngine\GraphicEngine\Buffers">
      <UniqueIdentifier>{deb049b4-592d-48aa-8b9d-8ab09c476822}</UniqueIdentifier>
    </Filter>
    <Filter Include="GameEngine\GraphicEngine\TypeSpec">
      <UniqueIdentifier>{07917d69-1beb-4931-9e0a-508dfddbe101}</UniqueIdentifier>
    </Filter>
    <Filter Include="GameEngine\GraphicEngine\Buffers\Header Files">
      <UniqueIdentifier>{eac25b5c-45d3-4af0-bba7-60e0ea2e1422}</UniqueIdentifier>
    </Filter>
    <Filter Include="GameEngine\GraphicEngine\Buffers\Source Files">
      <UniqueIdentifier>{ab9653e2-6c9d-4074-948e-57db08da5efc}</UniqueIdentifier>
    </Filter>
    <Filter Include="GameEngine\GraphicEngine\TypeSpec\Header Files">
      <UniqueIdentifier>{47edaff8-49ed-4583-8fc1-0f43c5ececf9}</UniqueIdentifier>
    </Filter>
    <Filter Include="GameEngine\GraphicEngine\Shaders\Header Files">
      <UniqueIdentifier>{fd4a1a68-2916-4530-ac1b-555dcfa1f862}</UniqueIdentifier>
    </Filter>
    <Filter Include="GameEngine\GraphicEngine\Shaders\Source Files">
      <UniqueIdentifier>{95405c3f-299f-4276-863a-a4af58635b9e}</UniqueIdentifier>
    </Filter>
    <Filter Include="GameEngine\PhysicEngine\SpringForces">
      <UniqueIdentifier>{48b7edf2-de8a-4610-b348-91147001ab80}</UniqueIdentifier>
    </Filter>
    <Filter Include="GameEngine\PhysicEngine\SpringForces\Header Files">
      <UniqueIdentifier>{d962081c-3357-4990-9ab0-57fb41084102}</UniqueIdentifier>
    </Filter>
    <Filter Include="GameEngine\PhysicEngine\Forces">
      <UniqueIdentifier>{b8dc94fd-138f-4b85-9856-dc9c75d4577a}</UniqueIdentifier>
    </Filter>
    <Filter Include="GameEngine\PhysicEngine\Forces\Header Files">
      <UniqueIdentifier>{699335ee-c30f-4425-b15f-d821d90ada71}</UniqueIdentifier>
    </Filter>
    <Filter Include="GameEngine\PhysicEngine\Forces\Source Files">
      <UniqueIdentifier>{9e7c5e84-b21b-4005-a1f9-82b5332ada72}</UniqueIdentifier>
    </Filter>
    <Filter Include="GameEngine\PhysicEngine\Collisions">
      <UniqueIdentifier>{caf8fc60-06cc-41a8-8bb3-037c18b9c977}</UniqueIdentifier>
    </Filter>
    <Filter Include="GameEngine\PhysicEngine\Collisions\Header Files">
      <UniqueIdentifier>{e9d2da63-ec14-4764-a83e-81d4dc23cf67}</UniqueIdentifier>
    </Filter>
    <Filter Include="GameEngine\PhysicEngine\Collisions\Source Files">
      <UniqueIdentifier>{ef17c12c-9b07-4354-9da1-07155c7c4811}</UniqueIdentifier>
    </Filter>
    <Filter Include="GameEngine\GraphicEngine\Textures">
      <UniqueIdentifier>{08ace4e1-cb8b-43b2-8827-3fcd7fae059d}</UniqueIdentifier>
    </Filter>
    <Filter Include="GameEngine\GraphicEngine\Textures\Header Files">
      <UniqueIdentifier>{663d596e-b268-45c3-8ec1-1e3f45abc364}</UniqueIdentifier>
    </Filter>
    <Filter Include="GameEngine\GraphicEngine\Textures\Source Files">
      <UniqueIdentifier>{8942333a-4c9d-4d71-9b97-193190cef52f}</UniqueIdentifier>
    </Filter>
    <Filter Include="GameEngine\GraphicEngine\SceneBase">
      <UniqueIdentifier>{497ca457-bece-4dca-ba5a-23e73dcb33e2}</UniqueIdentifier>
    </Filter>
    <Filter Include="GameEngine\GraphicEngine\SceneBase\Header Files">
      <UniqueIdentifier>{7ae35326-b0f0-413f-a39e-e51de64b81d1}</UniqueIdentifier>
    </Filter>
    <Filter Include="GameEngine\GraphicEngine\SceneBase\Source Files">
      <UniqueIdentifier>{667bf588-78e6-4841-8295-3f0a5a93662d}</UniqueIdentifier>
    </Filter>
    <Filter Include="GameEngine\GraphicEngine\Materials">
      <UniqueIdentifier>{22df2880-b2fb-45e5-ace8-587435e76f4f}</UniqueIdentifier>
    </Filter>
    <Filter Include="GameEngine\GraphicEngine\Materials\Header Files">
      <UniqueIdentifier>{867c99d4-547c-4527-b25e-c4852c113266}</UniqueIdentifier>
    </Filter>
    <Filter Include="GameEngine\GraphicEngine\Materials\Source Files">
      <UniqueIdentifier>{ef04baa0-6a11-44db-8026-c03830f9cf0f}</UniqueIdentifier>
    </Filter>
    <Filter Include="GameEngine\GraphicEngine\Servers">
      <UniqueIdentifier>{8292993b-58e4-43b7-8dfc-80a3310527cf}</UniqueIdentifier>
    </Filter>
    <Filter Include="GameEngine\GraphicEngine\Servers\Header Files">
      <UniqueIdentifier>{0b32fccd-b5b2-4112-862c-512f1913ab3a}</UniqueIdentifier>
    </Filter>
    <Filter Include="GameEngine\GraphicEngine\Servers\Source Files">
      <UniqueIdentifier>{9df03bab-e60b-4279-922f-3eb8316fa011}</UniqueIdentifier>
    </Filter>
    <Filter Include="GameEngine\SceneGraph">
      <UniqueIdentifier>{fc83a6c7-ff98-4405-88c6-4550e9590e20}</UniqueIdentifier>
    </Filter>
    <Filter Include="GameEngine\GraphicEngine\PSceneGraph">
      <UniqueIdentifier>{a66438ae-ec86-4030-8cee-7ae7f7cfd4f2}</UniqueIdentifier>
    </Filter>
    <Filter Include="GameEngine\GraphicEngine\PSceneGraph\Header Files">
      <UniqueIdentifier>{9f2cf754-e72f-4e90-961d-2969a534b2d1}</UniqueIdentifier>
    </Filter>
    <Filter Include="GameEngine\GraphicEngine\PSceneGraph\Source Files">
      <UniqueIdentifier>{4b181523-45d9-478c-93b8-217eded482c0}</UniqueIdentifier>
    </Filter>
    <Filter Include="GameEngine\SceneGraph\Header Files">
      <UniqueIdentifier>{7ffabef6-9641-4028-8d50-b6eb7e7a9db7}</UniqueIdentifier>
    </Filter>
    <Filter Include="GameEngine\SceneGraph\Source Files">
      <UniqueIdentifier>{4b2f57e1-e8ee-45ab-85f9-ed6286e13006}</UniqueIdentifier>
    </Filter>
    <Filter Include="GameEngine\Games\GraphicDemo">
      <UniqueIdentifier>{4ca70cc2-e563-4306-8c6f-0dc79e81dc33}</UniqueIdentifier>
    </Filter>
    <Filter Include="GameEngine\Games\GraphicDemo\Header Files">
      <UniqueIdentifier>{c5f7d11c-bea7-4e24-abdd-fdf596cdff2c}</UniqueIdentifier>
    </Filter>
    <Filter Include="GameEngine\Games\GraphicDemo\Source Files">
      <UniqueIdentifier>{e9de4283-4e7d-4c57-a1a3-b452342fcae1}</UniqueIdentifier>
    </Filter>
    <Filter Include="GameEngine\PhysicEngine\SpringForces\Source Files">
      <UniqueIdentifier>{b1f9378a-4ca5-4211-8cce-250c1f04817e}</UniqueIdentifier>
    </Filter>
  </ItemGroup>
  <ItemGroup>
    <ClCompile Include="..\GameEngine\Games\Src\GameSelection.cpp">
      <Filter>GameEngine\Games\Source Files</Filter>
    </ClCompile>
    <ClCompile Include="..\GameEngine\Main.cpp">
      <Filter>GameEngine</Filter>
    </ClCompile>
    <ClCompile Include="..\GameEngine\Games\Src\GameBase.cpp">
      <Filter>GameEngine\Games\Source Files</Filter>
    </ClCompile>
    <ClCompile Include="..\GameEngine\Games\Src\GameConfiguration.cpp">
      <Filter>GameEngine\Games\Source Files</Filter>
    </ClCompile>
    <ClCompile Include="..\GameEngine\PhysicEngine\Src\Vector3.cpp">
      <Filter>GameEngine\PhysicEngine\Source Files</Filter>
    </ClCompile>
    <ClCompile Include="..\GameEngine\Games\Src\KeyboardStatus.cpp">
      <Filter>GameEngine\Games\Source Files</Filter>
    </ClCompile>
    <ClCompile Include="..\GameEngine\Games\Src\GameMenu.cpp">
      <Filter>GameEngine\Games\Source Files</Filter>
    </ClCompile>
    <ClCompile Include="..\GameEngine\PhysicEngine\Src\CParticle.cpp">
      <Filter>GameEngine\PhysicEngine\Source Files</Filter>
    </ClCompile>
    <ClCompile Include="..\GameEngine\PhysicEngine\Src\AParticle.cpp">
      <Filter>GameEngine\PhysicEngine\Source Files</Filter>
    </ClCompile>
    <ClCompile Include="..\GameEngine\Games\Game1\Src\ShooterGame.cpp">
      <Filter>GameEngine\Games\Game1\Source Files</Filter>
    </ClCompile>
    <ClCompile Include="..\GameEngine\Games\Src\MouseStatus.cpp">
      <Filter>GameEngine\Games\Source Files</Filter>
    </ClCompile>
    <ClCompile Include="..\GameEngine\Games\Game2\Src\BlobGame.cpp">
      <Filter>GameEngine\Games\Game2\Source Files</Filter>
    </ClCompile>
    <ClCompile Include="..\GameEngine\System\Src\Paths.cpp">
      <Filter>GameEngine\System\Source Files</Filter>
    </ClCompile>
    <ClCompile Include="..\GameEngine\GraphicEngine\Shaders\Src\Shader.cpp">
      <Filter>GameEngine\GraphicEngine\Shaders\Source Files</Filter>
    </ClCompile>
    <ClCompile Include="..\GameEngine\GraphicEngine\Shaders\Src\ShaderParser.cpp">
      <Filter>GameEngine\GraphicEngine\Shaders\Source Files</Filter>
    </ClCompile>
    <ClCompile Include="..\GameEngine\GraphicEngine\Shaders\Src\ShaderProgram.cpp">
      <Filter>GameEngine\GraphicEngine\Shaders\Source Files</Filter>
    </ClCompile>
    <ClCompile Include="..\GameEngine\GraphicEngine\Shaders\Src\ShaderSource.cpp">
      <Filter>GameEngine\GraphicEngine\Shaders\Source Files</Filter>
    </ClCompile>
    <ClCompile Include="..\GameEngine\GraphicEngine\Buffers\Src\VertexBufferObject.cpp">
      <Filter>GameEngine\GraphicEngine\Buffers\Source Files</Filter>
    </ClCompile>
    <ClCompile Include="..\GameEngine\PhysicEngine\SpringForces\Src\ParticleBungee.cpp">
      <Filter>GameEngine\PhysicEngine\SpringForces\Source Files</Filter>
    </ClCompile>
    <ClCompile Include="..\GameEngine\PhysicEngine\SpringForces\Src\ParticleBuoyancy.cpp">
      <Filter>GameEngine\PhysicEngine\SpringForces\Source Files</Filter>
    </ClCompile>
    <ClCompile Include="..\GameEngine\PhysicEngine\SpringForces\Src\ParticleSpring.cpp">
      <Filter>GameEngine\PhysicEngine\SpringForces\Source Files</Filter>
    </ClCompile>
    <ClCompile Include="..\GameEngine\PhysicEngine\SpringForces\Src\ParticleAnchoredSpring.cpp">
      <Filter>GameEngine\PhysicEngine\SpringForces\Source Files</Filter>
    </ClCompile>
    <ClCompile Include="..\GameEngine\PhysicEngine\Forces\Src\ParticleDrag.cpp">
      <Filter>GameEngine\PhysicEngine\Forces\Source Files</Filter>
    </ClCompile>
    <ClCompile Include="..\GameEngine\PhysicEngine\Forces\Src\ParticleForceRegistry.cpp">
      <Filter>GameEngine\PhysicEngine\Forces\Source Files</Filter>
    </ClCompile>
    <ClCompile Include="..\GameEngine\PhysicEngine\Forces\Src\ParticleGravity.cpp">
      <Filter>GameEngine\PhysicEngine\Forces\Source Files</Filter>
    </ClCompile>
    <ClCompile Include="..\GameEngine\PhysicEngine\Collisions\Src\ParticleContact.cpp">
      <Filter>GameEngine\PhysicEngine\Collisions\Source Files</Filter>
    </ClCompile>
    <ClCompile Include="..\GameEngine\GraphicEngine\TypeSpec\Header\TextureInternalFormatSpec.hpp">
      <Filter>GameEngine\GraphicEngine\TypeSpec\Header Files</Filter>
    </ClCompile>
    <ClCompile Include="..\GameEngine\GraphicEngine\Textures\Src\Texture2D.cpp">
      <Filter>GameEngine\GraphicEngine\Textures\Source Files</Filter>
    </ClCompile>
    <ClCompile Include="..\GameEngine\PhysicEngine\Collisions\Src\ParticleCable.cpp">
      <Filter>GameEngine\PhysicEngine\Collisions\Source Files</Filter>
    </ClCompile>
    <ClCompile Include="..\GameEngine\PhysicEngine\Collisions\Src\ParticleContactResolver.cpp">
      <Filter>GameEngine\PhysicEngine\Collisions\Source Files</Filter>
    </ClCompile>
    <ClCompile Include="..\GameEngine\PhysicEngine\Collisions\Src\ParticleRod.cpp">
      <Filter>GameEngine\PhysicEngine\Collisions\Source Files</Filter>
    </ClCompile>
    <ClCompile Include="..\GameEngine\GraphicEngine\Textures\Src\Texture2D.cpp">
      <Filter>GameEngine\GraphicEngine\Textures\Source Files</Filter>
    </ClCompile>
    <ClCompile Include="..\GameEngine\GraphicEngine\Buffers\Src\FrameBufferObject.cpp">
      <Filter>GameEngine\GraphicEngine\Buffers\Source Files</Filter>
    </ClCompile>
    <ClCompile Include="..\GameEngine\GraphicEngine\Buffers\Src\RenderBuffer.cpp">
      <Filter>GameEngine\GraphicEngine\Buffers\Source Files</Filter>
    </ClCompile>
    <ClCompile Include="..\GameEngine\GraphicEngine\Buffers\Src\FrameBuffer.cpp">
      <Filter>GameEngine\GraphicEngine\Buffers\Source Files</Filter>
    </ClCompile>
    <ClCompile Include="..\GameEngine\GraphicEngine\Buffers\Src\GeometryBuffer.cpp">
      <Filter>GameEngine\GraphicEngine\Buffers\Source Files</Filter>
    </ClCompile>
    <ClCompile Include="..\GameEngine\GraphicEngine\SceneBase\Src\Camera.cpp">
      <Filter>GameEngine\GraphicEngine\SceneBase\Source Files</Filter>
    </ClCompile>
    <ClCompile Include="..\GameEngine\GraphicEngine\SceneBase\Src\BoundingBox.cpp">
      <Filter>GameEngine\GraphicEngine\SceneBase\Source Files</Filter>
    </ClCompile>
    <ClCompile Include="..\GameEngine\GraphicEngine\Materials\Src\PhongMaterial.cpp">
      <Filter>GameEngine\GraphicEngine\Materials\Source Files</Filter>
    </ClCompile>
    <ClCompile Include="..\GameEngine\GraphicEngine\Servers\Src\TextureServer.cpp">
      <Filter>GameEngine\GraphicEngine\Servers\Source Files</Filter>
    </ClCompile>
    <ClCompile Include="..\GameEngine\GraphicEngine\Materials\Src\Color.cpp">
      <Filter>GameEngine\GraphicEngine\Materials\Source Files</Filter>
    </ClCompile>
    <ClCompile Include="..\GameEngine\GraphicEngine\Servers\Src\LightServer.cpp">
      <Filter>GameEngine\GraphicEngine\Servers\Source Files</Filter>
    </ClCompile>
    <ClCompile Include="..\GameEngine\GraphicEngine\Textures\Src\CubeMap.cpp">
      <Filter>GameEngine\GraphicEngine\Textures\Source Files</Filter>
    </ClCompile>
    <ClCompile Include="..\GameEngine\GraphicEngine\SceneBase\Src\SkyboxGeometry.cpp">
      <Filter>GameEngine\GraphicEngine\SceneBase\Source Files</Filter>
    </ClCompile>
    <ClCompile Include="..\GameEngine\GraphicEngine\SceneBase\Src\Text.cpp">
      <Filter>GameEngine\GraphicEngine\SceneBase\Source Files</Filter>
    </ClCompile>
    <ClCompile Include="..\GameEngine\GraphicEngine\SceneBase\Src\ScreenRenderQuad.cpp">
      <Filter>GameEngine\GraphicEngine\SceneBase\Source Files</Filter>
    </ClCompile>
    <ClCompile Include="..\GameEngine\GraphicEngine\Servers\Src\ShaderServer.cpp">
      <Filter>GameEngine\GraphicEngine\Servers\Source Files</Filter>
    </ClCompile>
    <ClCompile Include="..\GameEngine\GraphicEngine\SceneGraph\Src\TransformStack.cpp">
      <Filter>GameEngine\GraphicEngine\PSceneGraph\Source Files</Filter>
    </ClCompile>
    <ClCompile Include="..\GameEngine\GraphicEngine\SceneGraph\Src\Mesh.cpp">
      <Filter>GameEngine\GraphicEngine\PSceneGraph\Source Files</Filter>
    </ClCompile>
    <ClCompile Include="..\GameEngine\SceneGraph\Src\CMeshObject.cpp">
      <Filter>GameEngine\SceneGraph\Source Files</Filter>
    </ClCompile>
    <ClCompile Include="..\GameEngine\GraphicEngine\SceneGraph\Src\PMeshObject.cpp">
      <Filter>GameEngine\GraphicEngine\PSceneGraph\Source Files</Filter>
    </ClCompile>
    <ClCompile Include="..\GameEngine\GraphicEngine\Servers\Src\SceneServer.cpp">
      <Filter>GameEngine\GraphicEngine\Servers\Source Files</Filter>
    </ClCompile>
    <ClCompile Include="..\GameEngine\Games\Demo\Src\Demo.cpp">
      <Filter>GameEngine\Games\GraphicDemo\Source Files</Filter>
    </ClCompile>
    <ClCompile Include="..\GameEngine\GraphicEngine\Shaders\Src\MeshShader.cpp">
      <Filter>GameEngine\GraphicEngine\Shaders\Source Files</Filter>
    </ClCompile>
    <ClCompile Include="..\GameEngine\GraphicEngine\Shaders\Src\SkyboxShader.cpp">
      <Filter>GameEngine\GraphicEngine\Shaders\Source Files</Filter>
    </ClCompile>
    <ClCompile Include="..\GameEngine\GraphicEngine\Shaders\Src\VFXShader.cpp">
      <Filter>GameEngine\GraphicEngine\Shaders\Source Files</Filter>
    </ClCompile>
    <ClCompile Include="..\GameEngine\GraphicEngine\Buffers\Src\MultipleDataVBO.cpp">
      <Filter>GameEngine\GraphicEngine\Buffers\Source Files</Filter>
    </ClCompile>
    <ClCompile Include="..\GameEngine\SceneGraph\Src\EmptyNode.cpp">
      <Filter>GameEngine\SceneGraph\Source Files</Filter>
    </ClCompile>
    <ClCompile Include="..\GameEngine\PhysicEngine\Src\AHorizontalPlane.cpp">
      <Filter>GameEngine\PhysicEngine\Source Files</Filter>
    </ClCompile>
    <ClCompile Include="..\GameEngine\GraphicEngine\Buffers\Src\ElementBufferObject.cpp">
      <Filter>GameEngine\GraphicEngine\Buffers\Source Files</Filter>
    </ClCompile>
    <ClCompile Include="..\GameEngine\GraphicEngine\Buffers\Src\VertexArrayObject.cpp">
      <Filter>GameEngine\GraphicEngine\Buffers\Source Files</Filter>
    </ClCompile>
    <ClCompile Include="..\GameEngine\PhysicEngine\Collisions\Src\PlaneContactGenerator.cpp">
      <Filter>GameEngine\PhysicEngine\Collisions\Source Files</Filter>
    </ClCompile>
    <ClCompile Include="..\GameEngine\SceneGraph\Src\CHorizontalPlane.cpp">
      <Filter>GameEngine\SceneGraph\Source Files</Filter>
    </ClCompile>
    <ClCompile Include="..\GameEngine\GraphicEngine\SceneGraph\Src\PHorizontalPlane.cpp">
      <Filter>GameEngine\GraphicEngine\PSceneGraph\Source Files</Filter>
    </ClCompile>
    <ClCompile Include="..\GameEngine\GraphicEngine\SceneGraph\Src\PParticle.cpp">
      <Filter>GameEngine\GraphicEngine\PSceneGraph\Source Files</Filter>
    </ClCompile>
  </ItemGroup>
  <ItemGroup>
    <ClInclude Include="..\GameEngine\Games\Game1\Header\ShooterGame.hpp">
      <Filter>GameEngine\Games\Game1\Header Files</Filter>
    </ClInclude>
    <ClInclude Include="..\GameEngine\Games\Header\DefaultConfig.hpp">
      <Filter>GameEngine\Games\Header Files</Filter>
    </ClInclude>
    <ClInclude Include="..\GameEngine\Games\Header\GameBase.hpp">
      <Filter>GameEngine\Games\Header Files</Filter>
    </ClInclude>
    <ClInclude Include="..\GameEngine\Games\Header\GameConfiguration.hpp">
      <Filter>GameEngine\Games\Header Files</Filter>
    </ClInclude>
    <ClInclude Include="..\GameEngine\Games\Header\GameMenu.hpp">
      <Filter>GameEngine\Games\Header Files</Filter>
    </ClInclude>
    <ClInclude Include="..\GameEngine\Games\Header\GameSelection.hpp">
      <Filter>GameEngine\Games\Header Files</Filter>
    </ClInclude>
    <ClInclude Include="..\GameEngine\Games\Header\KeyAction.hpp">
      <Filter>GameEngine\Games\Header Files</Filter>
    </ClInclude>
    <ClInclude Include="..\GameEngine\Games\Header\KeyboardStatus.hpp">
      <Filter>GameEngine\Games\Header Files</Filter>
    </ClInclude>
    <ClInclude Include="..\GameEngine\PhysicEngine\Header\AParticle.hpp">
      <Filter>GameEngine\PhysicEngine\Header Files</Filter>
    </ClInclude>
    <ClInclude Include="..\GameEngine\PhysicEngine\Header\CParticle.hpp">
      <Filter>GameEngine\PhysicEngine\Header Files</Filter>
    </ClInclude>
    <ClInclude Include="..\GameEngine\PhysicEngine\Header\Vector3.hpp">
      <Filter>GameEngine\PhysicEngine\Header Files</Filter>
    </ClInclude>
    <ClInclude Include="..\GameEngine\PhysicEngine\Header\MathConstant.hpp">
      <Filter>GameEngine\PhysicEngine\Header Files</Filter>
    </ClInclude>
    <ClInclude Include="..\GameEngine\Games\Header\MouseStatus.hpp">
      <Filter>GameEngine\Games\Header Files</Filter>
    </ClInclude>
    <ClInclude Include="..\GameEngine\Games\Game2\Header\BlobGame.hpp">
      <Filter>GameEngine\Games\Game2\Header Files</Filter>
    </ClInclude>
    <ClInclude Include="..\GameEngine\System\Header\Paths.hpp">
      <Filter>GameEngine\System\Header Files</Filter>
    </ClInclude>
    <ClInclude Include="..\GameEngine\GraphicEngine\Header\GraphicEnum.hpp">
      <Filter>GameEngine\GraphicEngine\Header Files</Filter>
    </ClInclude>
    <ClInclude Include="..\GameEngine\GraphicEngine\Shaders\Header\Shader.hpp">
      <Filter>GameEngine\GraphicEngine\Shaders\Header Files</Filter>
    </ClInclude>
    <ClInclude Include="..\GameEngine\GraphicEngine\Shaders\Header\ShaderParser.hpp">
      <Filter>GameEngine\GraphicEngine\Shaders\Header Files</Filter>
    </ClInclude>
    <ClInclude Include="..\GameEngine\GraphicEngine\Shaders\Header\ShaderProgram.hpp">
      <Filter>GameEngine\GraphicEngine\Shaders\Header Files</Filter>
    </ClInclude>
    <ClInclude Include="..\GameEngine\GraphicEngine\Shaders\Header\ShaderSource.hpp">
      <Filter>GameEngine\GraphicEngine\Shaders\Header Files</Filter>
    </ClInclude>
    <ClInclude Include="..\GameEngine\GraphicEngine\Buffers\Header\VertexBufferObject.hpp">
      <Filter>GameEngine\GraphicEngine\Buffers\Header Files</Filter>
    </ClInclude>
    <ClInclude Include="..\GameEngine\GraphicEngine\TypeSpec\Header\GLTypeSpec.hpp">
      <Filter>GameEngine\GraphicEngine\TypeSpec\Header Files</Filter>
    </ClInclude>
    <ClInclude Include="..\GameEngine\PhysicEngine\SpringForces\Header\ParticleBungee.hpp">
      <Filter>GameEngine\PhysicEngine\SpringForces\Header Files</Filter>
    </ClInclude>
    <ClInclude Include="..\GameEngine\PhysicEngine\SpringForces\Header\ParticleBuoyancy.hpp">
      <Filter>GameEngine\PhysicEngine\SpringForces\Header Files</Filter>
    </ClInclude>
    <ClInclude Include="..\GameEngine\PhysicEngine\SpringForces\Header\ParticleSpring.hpp">
      <Filter>GameEngine\PhysicEngine\SpringForces\Header Files</Filter>
    </ClInclude>
    <ClInclude Include="..\GameEngine\PhysicEngine\SpringForces\Header\ParticleAnchoredSpring.hpp">
      <Filter>GameEngine\PhysicEngine\SpringForces\Header Files</Filter>
    </ClInclude>
    <ClInclude Include="..\GameEngine\PhysicEngine\Forces\Header\ParticleForceGenerator.hpp">
      <Filter>GameEngine\PhysicEngine\Forces\Header Files</Filter>
    </ClInclude>
    <ClInclude Include="..\GameEngine\PhysicEngine\Forces\Header\ParticleForceRegistry.hpp">
      <Filter>GameEngine\PhysicEngine\Forces\Header Files</Filter>
    </ClInclude>
    <ClInclude Include="..\GameEngine\PhysicEngine\Forces\Header\ParticleGravity.hpp">
      <Filter>GameEngine\PhysicEngine\Forces\Header Files</Filter>
    </ClInclude>
    <ClInclude Include="..\GameEngine\PhysicEngine\Forces\Header\ParticleDrag.hpp">
      <Filter>GameEngine\PhysicEngine\Forces\Header Files</Filter>
    </ClInclude>
    <ClInclude Include="..\GameEngine\PhysicEngine\Collisions\Header\ParticleContact.hpp">
      <Filter>GameEngine\PhysicEngine\Collisions\Header Files</Filter>
    </ClInclude>
    <ClInclude Include="..\GameEngine\GraphicEngine\TypeSpec\Header\ToGLTypeSpec.hpp">
      <Filter>GameEngine\GraphicEngine\TypeSpec\Header Files</Filter>
    </ClInclude>
    <ClInclude Include="..\GameEngine\GraphicEngine\Buffers\Header\VertexArrayObject.hpp">
      <Filter>GameEngine\GraphicEngine\Buffers\Header Files</Filter>
    </ClInclude>
    <ClInclude Include="..\GameEngine\GraphicEngine\Buffers\Header\ElementBufferObject.hpp">
      <Filter>GameEngine\GraphicEngine\Buffers\Header Files</Filter>
    </ClInclude>
    <ClInclude Include="..\GameEngine\GraphicEngine\Textures\Header\Texture2D.hpp">
      <Filter>GameEngine\GraphicEngine\Textures\Header Files</Filter>
    </ClInclude>
    <ClInclude Include="..\GameEngine\GraphicEngine\Buffers\Header\FrameBufferObject.hpp">
      <Filter>GameEngine\GraphicEngine\Buffers\Header Files</Filter>
    </ClInclude>
    <ClInclude Include="..\GameEngine\GraphicEngine\Buffers\Header\RenderBuffer.hpp">
      <Filter>GameEngine\GraphicEngine\Buffers\Header Files</Filter>
    </ClInclude>
    <ClInclude Include="..\GameEngine\GraphicEngine\Buffers\Header\FrameBuffer.hpp">
      <Filter>GameEngine\GraphicEngine\Buffers\Header Files</Filter>
    </ClInclude>
    <ClInclude Include="..\GameEngine\GraphicEngine\Buffers\Header\TextureBufferObject.hpp">
      <Filter>GameEngine\GraphicEngine\Buffers\Header Files</Filter>
    </ClInclude>
    <ClInclude Include="..\GameEngine\GraphicEngine\TypeSpec\Header\GLMTypesSpec.hpp">
      <Filter>GameEngine\GraphicEngine\TypeSpec\Header Files</Filter>
    </ClInclude>
    <ClInclude Include="..\GameEngine\GraphicEngine\Buffers\Header\GeometryBuffer.hpp">
      <Filter>GameEngine\GraphicEngine\Buffers\Header Files</Filter>
    </ClInclude>
    <ClInclude Include="..\GameEngine\GraphicEngine\SceneBase\Header\Camera.hpp">
      <Filter>GameEngine\GraphicEngine\SceneBase\Header Files</Filter>
    </ClInclude>
    <ClInclude Include="..\GameEngine\GraphicEngine\SceneBase\Header\BoundingBox.hpp">
      <Filter>GameEngine\GraphicEngine\SceneBase\Header Files</Filter>
    </ClInclude>
    <ClInclude Include="..\GameEngine\GraphicEngine\Header\GraphicUtils.hpp">
      <Filter>GameEngine\GraphicEngine\Header Files</Filter>
    </ClInclude>
    <ClInclude Include="..\GameEngine\GraphicEngine\Header\GraphicConfig.hpp">
      <Filter>GameEngine\GraphicEngine\Header Files</Filter>
    </ClInclude>
    <ClInclude Include="..\GameEngine\GraphicEngine\Materials\Header\PhongMaterial.hpp">
      <Filter>GameEngine\GraphicEngine\Materials\Header Files</Filter>
    </ClInclude>
    <ClInclude Include="..\GameEngine\GraphicEngine\Servers\Header\TextureServer.hpp">
      <Filter>GameEngine\GraphicEngine\Servers\Header Files</Filter>
    </ClInclude>
    <ClInclude Include="..\GameEngine\GraphicEngine\Materials\Header\Color.hpp">
      <Filter>GameEngine\GraphicEngine\Materials\Header Files</Filter>
    </ClInclude>
    <ClInclude Include="..\GameEngine\GraphicEngine\Servers\Header\LightServer.hpp">
      <Filter>GameEngine\GraphicEngine\Servers\Header Files</Filter>
    </ClInclude>
    <ClInclude Include="..\GameEngine\GraphicEngine\Textures\Header\CubeMap.hpp">
      <Filter>GameEngine\GraphicEngine\Textures\Header Files</Filter>
    </ClInclude>
    <ClInclude Include="..\GameEngine\GraphicEngine\SceneBase\Header\SkyboxGeometry.hpp">
      <Filter>GameEngine\GraphicEngine\SceneBase\Header Files</Filter>
    </ClInclude>
    <ClInclude Include="..\GameEngine\GraphicEngine\SceneBase\Header\Text.hpp">
      <Filter>GameEngine\GraphicEngine\SceneBase\Header Files</Filter>
    </ClInclude>
    <ClInclude Include="..\GameEngine\GraphicEngine\SceneBase\Header\ScreenRenderQuad.hpp">
      <Filter>GameEngine\GraphicEngine\SceneBase\Header Files</Filter>
    </ClInclude>
    <ClInclude Include="..\GameEngine\GraphicEngine\Buffers\Header\MultipleDataVBO.hpp">
      <Filter>GameEngine\GraphicEngine\Buffers\Header Files</Filter>
    </ClInclude>
    <ClInclude Include="..\GameEngine\GraphicEngine\Servers\Header\ShaderServer.hpp">
      <Filter>GameEngine\GraphicEngine\Servers\Header Files</Filter>
    </ClInclude>
    <ClInclude Include="..\GameEngine\GraphicEngine\SceneGraph\Header\TransformStack.hpp">
      <Filter>GameEngine\GraphicEngine\PSceneGraph\Header Files</Filter>
    </ClInclude>
    <ClInclude Include="..\GameEngine\GraphicEngine\SceneGraph\Header\Mesh.hpp">
      <Filter>GameEngine\GraphicEngine\PSceneGraph\Header Files</Filter>
    </ClInclude>
    <ClInclude Include="..\GameEngine\SceneGraph\Header\CMeshObject.hpp">
      <Filter>GameEngine\SceneGraph\Header Files</Filter>
    </ClInclude>
    <ClInclude Include="..\GameEngine\GraphicEngine\SceneGraph\Header\PMeshObject.hpp">
      <Filter>GameEngine\GraphicEngine\PSceneGraph\Header Files</Filter>
    </ClInclude>
    <ClInclude Include="..\GameEngine\GraphicEngine\Servers\Header\SceneServer.hpp">
      <Filter>GameEngine\GraphicEngine\Servers\Header Files</Filter>
    </ClInclude>
    <ClInclude Include="..\GameEngine\Games\Demo\Header\Demo.hpp">
      <Filter>GameEngine\Games\GraphicDemo\Header Files</Filter>
    </ClInclude>
    <ClInclude Include="..\GameEngine\Games\Header\GraphicEnabler.hpp">
      <Filter>GameEngine\Games\Header Files</Filter>
    </ClInclude>
    <ClInclude Include="..\GameEngine\Games\Header\PhysicEnabler.hpp">
      <Filter>GameEngine\Games\Header Files</Filter>
    </ClInclude>
    <ClInclude Include="..\GameEngine\Games\Header\SceneGraphEnabler.hpp">
      <Filter>GameEngine\Games\Header Files</Filter>
    </ClInclude>
    <ClInclude Include="..\GameEngine\GraphicEngine\Shaders\Header\MeshShader.hpp">
      <Filter>GameEngine\GraphicEngine\Shaders\Header Files</Filter>
    </ClInclude>
    <ClInclude Include="..\GameEngine\GraphicEngine\Shaders\Header\SkyboxShader.hpp">
      <Filter>GameEngine\GraphicEngine\Shaders\Header Files</Filter>
    </ClInclude>
    <ClInclude Include="..\GameEngine\GraphicEngine\Shaders\Header\VFXShader.hpp">
      <Filter>GameEngine\GraphicEngine\Shaders\Header Files</Filter>
    </ClInclude>
    <ClInclude Include="..\GameEngine\SceneGraph\Header\EmptyNode.hpp">
      <Filter>GameEngine\SceneGraph\Header Files</Filter>
    </ClInclude>
    <ClInclude Include="..\GameEngine\PhysicEngine\Header\AHorizontalPlane.hpp">
      <Filter>GameEngine\PhysicEngine\Header Files</Filter>
    </ClInclude>
    <ClInclude Include="..\GameEngine\PhysicEngine\Collisions\Header\ParticleCable.hpp">
      <Filter>GameEngine\PhysicEngine\Collisions\Header Files</Filter>
    </ClInclude>
    <ClInclude Include="..\GameEngine\PhysicEngine\Collisions\Header\ParticleContactGenerator.hpp">
      <Filter>GameEngine\PhysicEngine\Collisions\Header Files</Filter>
    </ClInclude>
    <ClInclude Include="..\GameEngine\PhysicEngine\Collisions\Header\ParticleContactResolver.hpp">
      <Filter>GameEngine\PhysicEngine\Collisions\Header Files</Filter>
    </ClInclude>
    <ClInclude Include="..\GameEngine\PhysicEngine\Collisions\Header\ParticleLink.hpp">
      <Filter>GameEngine\PhysicEngine\Collisions\Header Files</Filter>
    </ClInclude>
    <ClInclude Include="..\GameEngine\PhysicEngine\Collisions\Header\ParticleRod.hpp">
      <Filter>GameEngine\PhysicEngine\Collisions\Header Files</Filter>
    </ClInclude>
    <ClInclude Include="..\GameEngine\PhysicEngine\Collisions\Header\PlaneContactGenerator.hpp">
      <Filter>GameEngine\PhysicEngine\Collisions\Header Files</Filter>
    </ClInclude>
    <ClInclude Include="..\GameEngine\Games\Demo\Header\SimpleTestGraphic.hpp">
      <Filter>GameEngine\Games\GraphicDemo\Header Files</Filter>
    </ClInclude>
    <ClInclude Include="..\GameEngine\SceneGraph\Header\CHorizontalPlane.hpp">
      <Filter>GameEngine\SceneGraph\Header Files</Filter>
    </ClInclude>
    <ClInclude Include="..\GameEngine\GraphicEngine\SceneGraph\Header\PHorizontalPlane.hpp">
      <Filter>GameEngine\GraphicEngine\PSceneGraph\Header Files</Filter>
    </ClInclude>
    <ClInclude Include="..\GameEngine\GraphicEngine\SceneGraph\Header\PParticle.hpp">
      <Filter>GameEngine\GraphicEngine\PSceneGraph\Header Files</Filter>
    </ClInclude>
  </ItemGroup>
  <ItemGroup>
    <None Include="..\Ressources\Shaders\gauss.frag">
      <Filter>GameEngine\Resource Files\Shaders</Filter>
    </None>
    <None Include="..\Ressources\Shaders\PhongDirectional.frag">
      <Filter>GameEngine\Resource Files\Shaders</Filter>
    </None>
    <None Include="..\Ressources\Shaders\PhongDirectional.vert">
      <Filter>GameEngine\Resource Files\Shaders</Filter>
    </None>
    <None Include="..\Ressources\Shaders\skybox.frag">
      <Filter>GameEngine\Resource Files\Shaders</Filter>
    </None>
    <None Include="..\Ressources\Shaders\skybox.vert">
      <Filter>GameEngine\Resource Files\Shaders</Filter>
    </None>
    <None Include="..\Ressources\Shaders\filter.frag">
      <Filter>GameEngine\Resource Files\Shaders</Filter>
    </None>
    <None Include="..\Ressources\Shaders\filter.vert">
      <Filter>GameEngine\Resource Files\Shaders</Filter>
    </None>
    <None Include="..\Ressources\Shaders\water.frag">
      <Filter>GameEngine\Resource Files\Shaders</Filter>
    </None>
    <None Include="..\Ressources\Shaders\water.vert">
      <Filter>GameEngine\Resource Files\Shaders</Filter>
    </None>
  </ItemGroup>
</Project>