<?xml version="1.0" encoding="utf-8"?>
<Project ToolsVersion="16.0" xmlns="http://schemas.microsoft.com/developer/msbuild/2003">
  <ItemGroup>
    <CustomBuild Include="S:\Cours\Annee_2020-2021\Semestre_Automne\MathPhysique\GameEngine\Dependencies_x64\include\glm\CMakeFiles\63a2db71fc085037f67b51fb42defdf4\generate.stamp.rule">
      <Filter>CMake Rules</Filter>
    </CustomBuild>
  </ItemGroup>
  <ItemGroup>
    <Filter Include="CMake Rules">
      <UniqueIdentifier>{583A327E-7C3E-3925-8617-6CC6694E5FD5}</UniqueIdentifier>
    </Filter>
  </ItemGroup>
</Project>
